# This file is generated by running "yarn install" inside your project.
# Manual changes might be lost - proceed with caution!

__metadata:
  version: 8
  cacheKey: 10c0

"dotenv@npm:^17.3.1":
  version: 17.3.1
  resolution: "dotenv@npm:17.3.1"
  checksum: 10c0/c78e0c2d5a549c751e544cc60e2b95e7cb67e0c551f42e094d161c6b297aa44b630a3c2dcacf5569e529a6c2a6b84e2ab9be8d37b299d425df5a18b81ce4a35f
  languageName: node
  linkType: hard

"vizenv@workspace:.":
  version: 0.0.0-use.local
  resolution: "vizenv@workspace:."
  dependencies:
    dotenv: "npm:^17.3.1"
    yaml: "npm:^2.8.2"
  peerDependencies:
    dotenv: "*"
  bin:
    vizenv: ./bin/vizenv.js
  languageName: unknown
  linkType: soft

"yaml@npm:^2.8.2":
  version: 2.8.2
  resolution: "yaml@npm:2.8.2"
  bin:
    yaml: bin.mjs
  checksum: 10c0/703e4dc1e34b324aa66876d63618dcacb9ed49f7e7fe9b70f1e703645be8d640f68ab84f12b86df8ac960bac37acf5513e115de7c970940617ce0343c8c9cd96
  languageName: node
  linkType: hard
